// !$*UTF8*$!
{
	archiveVersion = 1;
	classes = {
	};
	objectVersion = 77;
	objects = {

/* Begin PBXContainerItemProxy section */
		B19A9D922CB8FE0100CE0065 /* PBXContainerItemProxy */ = {
			isa = PBXContainerItemProxy;
			containerPortal = B19A9D782CB8FE0000CE0065 /* Project object */;
			proxyType = 1;
			remoteGlobalIDString = B19A9D7F2CB8FE0000CE0065;
			remoteInfo = ConcurrencyWithSwiftUI;
		};
		B19A9D9C2CB8FE0100CE0065 /* PBXContainerItemProxy */ = {
			isa = PBXContainerItemProxy;
			containerPortal = B19A9D782CB8FE0000CE0065 /* Project object */;
			proxyType = 1;
			remoteGlobalIDString = B19A9D7F2CB8FE0000CE0065;
			remoteInfo = ConcurrencyWithSwiftUI;
		};
/* End PBXContainerItemProxy section */

/* Begin PBXFileReference section */
		B19A9D802CB8FE0000CE0065 /* ConcurrencyWithSwiftUI.app */ = {isa = PBXFileReference; explicitFileType = wrapper.application; includeInIndex = 0; path = ConcurrencyWithSwiftUI.app; sourceTree = BUILT_PRODUCTS_DIR; };
		B19A9D912CB8FE0100CE0065 /* ConcurrencyWithSwiftUITests.xctest */ = {isa = PBXFileReference; explicitFileType = wrapper.cfbundle; includeInIndex = 0; path = ConcurrencyWithSwiftUITests.xctest; sourceTree = BUILT_PRODUCTS_DIR; };
		B19A9D9B2CB8FE0100CE0065 /* ConcurrencyWithSwiftUIUITests.xctest */ = {isa = PBXFileReference; explicitFileType = wrapper.cfbundle; includeInIndex = 0; path = ConcurrencyWithSwiftUIUITests.xctest; sourceTree = BUILT_PRODUCTS_DIR; };
/* End PBXFileReference section */

/* Begin PBXFileSystemSynchronizedRootGroup section */
		B19A9D822CB8FE0000CE0065 /* ConcurrencyWithSwiftUI */ = {
			isa = PBXFileSystemSynchronizedRootGroup;
			path = ConcurrencyWithSwiftUI;
			sourceTree = "<group>";
		};
		B19A9D942CB8FE0100CE0065 /* ConcurrencyWithSwiftUITests */ = {
			isa = PBXFileSystemSynchronizedRootGroup;
			path = ConcurrencyWithSwiftUITests;
			sourceTree = "<group>";
		};
		B19A9D9E2CB8FE0100CE0065 /* ConcurrencyWithSwiftUIUITests */ = {
			isa = PBXFileSystemSynchronizedRootGroup;
			path = ConcurrencyWithSwiftUIUITests;
			sourceTree = "<group>";
		};
/* End PBXFileSystemSynchronizedRootGroup section */

/* Begin PBXFrameworksBuildPhase section */
		B19A9D7D2CB8FE0000CE0065 /* Frameworks */ = {
			isa = PBXFrameworksBuildPhase;
			buildActionMask = 2147483647;
			files = (
			);
			runOnlyForDeploymentPostprocessing = 0;
		};
		B19A9D8E2CB8FE0100CE0065 /* Frameworks */ = {
			isa = PBXFrameworksBuildPhase;
			buildActionMask = 2147483647;
			files = (
			);
			runOnlyForDeploymentPostprocessing = 0;
		};
		B19A9D982CB8FE0100CE0065 /* Frameworks */ = {
			isa = PBXFrameworksBuildPhase;
			buildActionMask = 2147483647;
			files = (
			);
			runOnlyForDeploymentPostprocessing = 0;
		};
/* End PBXFrameworksBuildPhase section */

/* Begin PBXGroup section */
		B19A9D772CB8FE0000CE0065 = {
			isa = PBXGroup;
			children = (
				B19A9D822CB8FE0000CE0065 /* ConcurrencyWithSwiftUI */,
				B19A9D942CB8FE0100CE0065 /* ConcurrencyWithSwiftUITests */,
				B19A9D9E2CB8FE0100CE0065 /* ConcurrencyWithSwiftUIUITests */,
				B19A9D812CB8FE0000CE0065 /* Products */,
			);
			sourceTree = "<group>";
		};
		B19A9D812CB8FE0000CE0065 /* Products */ = {
			isa = PBXGroup;
			children = (
				B19A9D802CB8FE0000CE0065 /* ConcurrencyWithSwiftUI.app */,
				B19A9D912CB8FE0100CE0065 /* ConcurrencyWithSwiftUITests.xctest */,
				B19A9D9B2CB8FE0100CE0065 /* ConcurrencyWithSwiftUIUITests.xctest */,
			);
			name = Products;
			sourceTree = "<group>";
		};
/* End PBXGroup section */

/* Begin PBXNativeTarget section */
		B19A9D7F2CB8FE0000CE0065 /* ConcurrencyWithSwiftUI */ = {
			isa = PBXNativeTarget;
			buildConfigurationList = B19A9DA52CB8FE0100CE0065 /* Build configuration list for PBXNativeTarget "ConcurrencyWithSwiftUI" */;
			buildPhases = (
				B19A9D7C2CB8FE0000CE0065 /* Sources */,
				B19A9D7D2CB8FE0000CE0065 /* Frameworks */,
				B19A9D7E2CB8FE0000CE0065 /* Resources */,
			);
			buildRules = (
			);
			dependencies = (
			);
			fileSystemSynchronizedGroups = (
				B19A9D822CB8FE0000CE0065 /* ConcurrencyWithSwiftUI */,
			);
			name = ConcurrencyWithSwiftUI;
			packageProductDependencies = (
			);
			productName = ConcurrencyWithSwiftUI;
			productReference = B19A9D802CB8FE0000CE0065 /* ConcurrencyWithSwiftUI.app */;
			productType = "com.apple.product-type.application";
		};
		B19A9D902CB8FE0100CE0065 /* ConcurrencyWithSwiftUITests */ = {
			isa = PBXNativeTarget;
			buildConfigurationList = B19A9DA82CB8FE0100CE0065 /* Build configuration list for PBXNativeTarget "ConcurrencyWithSwiftUITests" */;
			buildPhases = (
				B19A9D8D2CB8FE0100CE0065 /* Sources */,
				B19A9D8E2CB8FE0100CE0065 /* Frameworks */,
				B19A9D8F2CB8FE0100CE0065 /* Resources */,
			);
			buildRules = (
			);
			dependencies = (
				B19A9D932CB8FE0100CE0065 /* PBXTargetDependency */,
			);
			fileSystemSynchronizedGroups = (
				B19A9D942CB8FE0100CE0065 /* ConcurrencyWithSwiftUITests */,
			);
			name = ConcurrencyWithSwiftUITests;
			packageProductDependencies = (
			);
			productName = ConcurrencyWithSwiftUITests;
			productReference = B19A9D912CB8FE0100CE0065 /* ConcurrencyWithSwiftUITests.xctest */;
			productType = "com.apple.product-type.bundle.unit-test";
		};
		B19A9D9A2CB8FE0100CE0065 /* ConcurrencyWithSwiftUIUITests */ = {
			isa = PBXNativeTarget;
			buildConfigurationList = B19A9DAB2CB8FE0100CE0065 /* Build configuration list for PBXNativeTarget "ConcurrencyWithSwiftUIUITests" */;
			buildPhases = (
				B19A9D972CB8FE0100CE0065 /* Sources */,
				B19A9D982CB8FE0100CE0065 /* Frameworks */,
				B19A9D992CB8FE0100CE0065 /* Resources */,
			);
			buildRules = (
			);
			dependencies = (
				B19A9D9D2CB8FE0100CE0065 /* PBXTargetDependency */,
			);
			fileSystemSynchronizedGroups = (
				B19A9D9E2CB8FE0100CE0065 /* ConcurrencyWithSwiftUIUITests */,
			);
			name = ConcurrencyWithSwiftUIUITests;
			packageProductDependencies = (
			);
			productName = ConcurrencyWithSwiftUIUITests;
			productReference = B19A9D9B2CB8FE0100CE0065 /* ConcurrencyWithSwiftUIUITests.xctest */;
			productType = "com.apple.product-type.bundle.ui-testing";
		};
/* End PBXNativeTarget section */

/* Begin PBXProject section */
		B19A9D782CB8FE0000CE0065 /* Project object */ = {
			isa = PBXProject;
			attributes = {
				BuildIndependentTargetsInParallel = 1;
				LastSwiftUpdateCheck = 1600;
				LastUpgradeCheck = 1600;
				TargetAttributes = {
					B19A9D7F2CB8FE0000CE0065 = {
						CreatedOnToolsVersion = 16.0;
					};
					B19A9D902CB8FE0100CE0065 = {
						CreatedOnToolsVersion = 16.0;
						TestTargetID = B19A9D7F2CB8FE0000CE0065;
					};
					B19A9D9A2CB8FE0100CE0065 = {
						CreatedOnToolsVersion = 16.0;
						TestTargetID = B19A9D7F2CB8FE0000CE0065;
					};
				};
			};
			buildConfigurationList = B19A9D7B2CB8FE0000CE0065 /* Build configuration list for PBXProject "ConcurrencyWithSwiftUI" */;
			developmentRegion = en;
			hasScannedForEncodings = 0;
			knownRegions = (
				en,
				Base,
			);
			mainGroup = B19A9D772CB8FE0000CE0065;
			minimizedProjectReferenceProxies = 1;
			preferredProjectObjectVersion = 77;
			productRefGroup = B19A9D812CB8FE0000CE0065 /* Products */;
			projectDirPath = "";
			projectRoot = "";
			targets = (
				B19A9D7F2CB8FE0000CE0065 /* ConcurrencyWithSwiftUI */,
				B19A9D902CB8FE0100CE0065 /* ConcurrencyWithSwiftUITests */,
				B19A9D9A2CB8FE0100CE0065 /* ConcurrencyWithSwiftUIUITests */,
			);
		};
/* End PBXProject section */

/* Begin PBXResourcesBuildPhase section */
		B19A9D7E2CB8FE0000CE0065 /* Resources */ = {
			isa = PBXResourcesBuildPhase;
			buildActionMask = 2147483647;
			files = (
			);
			runOnlyForDeploymentPostprocessing = 0;
		};
		B19A9D8F2CB8FE0100CE0065 /* Resources */ = {
			isa = PBXResourcesBuildPhase;
			buildActionMask = 2147483647;
			files = (
			);
			runOnlyForDeploymentPostprocessing = 0;
		};
		B19A9D992CB8FE0100CE0065 /* Resources */ = {
			isa = PBXResourcesBuildPhase;
			buildActionMask = 2147483647;
			files = (
			);
			runOnlyForDeploymentPostprocessing = 0;
		};
/* End PBXResourcesBuildPhase section */

/* Begin PBXSourcesBuildPhase section */
		B19A9D7C2CB8FE0000CE0065 /* Sources */ = {
			isa = PBXSourcesBuildPhase;
			buildActionMask = 2147483647;
			files = (
			);
			runOnlyForDeploymentPostprocessing = 0;
		};
		B19A9D8D2CB8FE0100CE0065 /* Sources */ = {
			isa = PBXSourcesBuildPhase;
			buildActionMask = 2147483647;
			files = (
			);
			runOnlyForDeploymentPostprocessing = 0;
		};
		B19A9D972CB8FE0100CE0065 /* Sources */ = {
			isa = PBXSourcesBuildPhase;
			buildActionMask = 2147483647;
			files = (
			);
			runOnlyForDeploymentPostprocessing = 0;
		};
/* End PBXSourcesBuildPhase section */

/* Begin PBXTargetDependency section */
		B19A9D932CB8FE0100CE0065 /* PBXTargetDependency */ = {
			isa = PBXTargetDependency;
			target = B19A9D7F2CB8FE0000CE0065 /* ConcurrencyWithSwiftUI */;
			targetProxy = B19A9D922CB8FE0100CE0065 /* PBXContainerItemProxy */;
		};
		B19A9D9D2CB8FE0100CE0065 /* PBXTargetDependency */ = {
			isa = PBXTargetDependency;
			target = B19A9D7F2CB8FE0000CE0065 /* ConcurrencyWithSwiftUI */;
			targetProxy = B19A9D9C2CB8FE0100CE0065 /* PBXContainerItemProxy */;
		};
/* End PBXTargetDependency section */

/* Begin XCBuildConfiguration section */
		B19A9DA32CB8FE0100CE0065 /* Debug */ = {
			isa = XCBuildConfiguration;
			buildSettings = {
				ALWAYS_SEARCH_USER_PATHS = NO;
				ASSETCATALOG_COMPILER_GENERATE_SWIFT_ASSET_SYMBOL_EXTENSIONS = YES;
				CLANG_ANALYZER_NONNULL = YES;
				CLANG_ANALYZER_NUMBER_OBJECT_CONVERSION = YES_AGGRESSIVE;
				CLANG_CXX_LANGUAGE_STANDARD = "gnu++20";
				CLANG_ENABLE_MODULES = YES;
				CLANG_ENABLE_OBJC_ARC = YES;
				CLANG_ENABLE_OBJC_WEAK = YES;
				CLANG_WARN_BLOCK_CAPTURE_AUTORELEASING = YES;
				CLANG_WARN_BOOL_CONVERSION = YES;
				CLANG_WARN_COMMA = YES;
				CLANG_WARN_CONSTANT_CONVERSION = YES;
				CLANG_WARN_DEPRECATED_OBJC_IMPLEMENTATIONS = YES;
				CLANG_WARN_DIRECT_OBJC_ISA_USAGE = YES_ERROR;
				CLANG_WARN_DOCUMENTATION_COMMENTS = YES;
				CLANG_WARN_EMPTY_BODY = YES;
				CLANG_WARN_ENUM_CONVERSION = YES;
				CLANG_WARN_INFINITE_RECURSION = YES;
				CLANG_WARN_INT_CONVERSION = YES;
				CLANG_WARN_NON_LITERAL_NULL_CONVERSION = YES;
				CLANG_WARN_OBJC_IMPLICIT_RETAIN_SELF = YES;
				CLANG_WARN_OBJC_LITERAL_CONVERSION = YES;
				CLANG_WARN_OBJC_ROOT_CLASS = YES_ERROR;
				CLANG_WARN_QUOTED_INCLUDE_IN_FRAMEWORK_HEADER = YES;
				CLANG_WARN_RANGE_LOOP_ANALYSIS = YES;
				CLANG_WARN_STRICT_PROTOTYPES = YES;
				CLANG_WARN_SUSPICIOUS_MOVE = YES;
				CLANG_WARN_UNGUARDED_AVAILABILITY = YES_AGGRESSIVE;
				CLANG_WARN_UNREACHABLE_CODE = YES;
				CLANG_WARN__DUPLICATE_METHOD_MATCH = YES;
				COPY_PHASE_STRIP = NO;
				DEBUG_INFORMATION_FORMAT = dwarf;
				ENABLE_STRICT_OBJC_MSGSEND = YES;
				ENABLE_TESTABILITY = YES;
				ENABLE_USER_SCRIPT_SANDBOXING = YES;
				GCC_C_LANGUAGE_STANDARD = gnu17;
				GCC_DYNAMIC_NO_PIC = NO;
				GCC_NO_COMMON_BLOCKS = YES;
				GCC_OPTIMIZATION_LEVEL = 0;
				GCC_PREPROCESSOR_DEFINITIONS = (
					"DEBUG=1",
					"$(inherited)",
				);
				GCC_WARN_64_TO_32_BIT_CONVERSION = YES;
				GCC_WARN_ABOUT_RETURN_TYPE = YES_ERROR;
				GCC_WARN_UNDECLARED_SELECTOR = YES;
				GCC_WARN_UNINITIALIZED_AUTOS = YES_AGGRESSIVE;
				GCC_WARN_UNUSED_FUNCTION = YES;
				GCC_WARN_UNUSED_VARIABLE = YES;
				LOCALIZATION_PREFERS_STRING_CATALOGS = YES;
				MTL_ENABLE_DEBUG_INFO = INCLUDE_SOURCE;
				MTL_FAST_MATH = YES;
				ONLY_ACTIVE_ARCH = YES;
				SWIFT_ACTIVE_COMPILATION_CONDITIONS = "DEBUG $(inherited)";
				SWIFT_OPTIMIZATION_LEVEL = "-Onone";
			};
			name = Debug;
		};
		B19A9DA42CB8FE0100CE0065 /* Release */ = {
			isa = XCBuildConfiguration;
			buildSettings = {
				ALWAYS_SEARCH_USER_PATHS = NO;
				ASSETCATALOG_COMPILER_GENERATE_SWIFT_ASSET_SYMBOL_EXTENSIONS = YES;
				CLANG_ANALYZER_NONNULL = YES;
				CLANG_ANALYZER_NUMBER_OBJECT_CONVERSION = YES_AGGRESSIVE;
				CLANG_CXX_LANGUAGE_STANDARD = "gnu++20";
				CLANG_ENABLE_MODULES = YES;
				CLANG_ENABLE_OBJC_ARC = YES;
				CLANG_ENABLE_OBJC_WEAK = YES;
				CLANG_WARN_BLOCK_CAPTURE_AUTORELEASING = YES;
				CLANG_WARN_BOOL_CONVERSION = YES;
				CLANG_WARN_COMMA = YES;
				CLANG_WARN_CONSTANT_CONVERSION = YES;
				CLANG_WARN_DEPRECATED_OBJC_IMPLEMENTATIONS = YES;
				CLANG_WARN_DIRECT_OBJC_ISA_USAGE = YES_ERROR;
				CLANG_WARN_DOCUMENTATION_COMMENTS = YES;
				CLANG_WARN_EMPTY_BODY = YES;
				CLANG_WARN_ENUM_CONVERSION = YES;
				CLANG_WARN_INFINITE_RECURSION = YES;
				CLANG_WARN_INT_CONVERSION = YES;
				CLANG_WARN_NON_LITERAL_NULL_CONVERSION = YES;
				CLANG_WARN_OBJC_IMPLICIT_RETAIN_SELF = YES;
				CLANG_WARN_OBJC_LITERAL_CONVERSION = YES;
				CLANG_WARN_OBJC_ROOT_CLASS = YES_ERROR;
				CLANG_WARN_QUOTED_INCLUDE_IN_FRAMEWORK_HEADER = YES;
				CLANG_WARN_RANGE_LOOP_ANALYSIS = YES;
				CLANG_WARN_STRICT_PROTOTYPES = YES;
				CLANG_WARN_SUSPICIOUS_MOVE = YES;
				CLANG_WARN_UNGUARDED_AVAILABILITY = YES_AGGRESSIVE;
				CLANG_WARN_UNREACHABLE_CODE = YES;
				CLANG_WARN__DUPLICATE_METHOD_MATCH = YES;
				COPY_PHASE_STRIP = NO;
				DEBUG_INFORMATION_FORMAT = "dwarf-with-dsym";
				ENABLE_NS_ASSERTIONS = NO;
				ENABLE_STRICT_OBJC_MSGSEND = YES;
				ENABLE_USER_SCRIPT_SANDBOXING = YES;
				GCC_C_LANGUAGE_STANDARD = gnu17;
				GCC_NO_COMMON_BLOCKS = YES;
				GCC_WARN_64_TO_32_BIT_CONVERSION = YES;
				GCC_WARN_ABOUT_RETURN_TYPE = YES_ERROR;
				GCC_WARN_UNDECLARED_SELECTOR = YES;
				GCC_WARN_UNINITIALIZED_AUTOS = YES_AGGRESSIVE;
				GCC_WARN_UNUSED_FUNCTION = YES;
				GCC_WARN_UNUSED_VARIABLE = YES;
				LOCALIZATION_PREFERS_STRING_CATALOGS = YES;
				MTL_ENABLE_DEBUG_INFO = NO;
				MTL_FAST_MATH = YES;
				SWIFT_COMPILATION_MODE = wholemodule;
			};
			name = Release;
		};
		B19A9DA62CB8FE0100CE0065 /* Debug */ = {
			isa = XCBuildConfiguration;
			buildSettings = {
				ASSETCATALOG_COMPILER_APPICON_NAME = AppIcon;
				ASSETCATALOG_COMPILER_GLOBAL_ACCENT_COLOR_NAME = AccentColor;
				CODE_SIGN_ENTITLEMENTS = ConcurrencyWithSwiftUI/ConcurrencyWithSwiftUI.entitlements;
				CODE_SIGN_STYLE = Automatic;
				CURRENT_PROJECT_VERSION = 1;
				DEVELOPMENT_ASSET_PATHS = "\"ConcurrencyWithSwiftUI/Preview Content\"";
				ENABLE_PREVIEWS = YES;
				GENERATE_INFOPLIST_FILE = YES;
				"INFOPLIST_KEY_UIApplicationSceneManifest_Generation[sdk=iphoneos*]" = YES;
				"INFOPLIST_KEY_UIApplicationSceneManifest_Generation[sdk=iphonesimulator*]" = YES;
				"INFOPLIST_KEY_UIApplicationSupportsIndirectInputEvents[sdk=iphoneos*]" = YES;
				"INFOPLIST_KEY_UIApplicationSupportsIndirectInputEvents[sdk=iphonesimulator*]" = YES;
				"INFOPLIST_KEY_UILaunchScreen_Generation[sdk=iphoneos*]" = YES;
				"INFOPLIST_KEY_UILaunchScreen_Generation[sdk=iphonesimulator*]" = YES;
				"INFOPLIST_KEY_UIStatusBarStyle[sdk=iphoneos*]" = UIStatusBarStyleDefault;
				"INFOPLIST_KEY_UIStatusBarStyle[sdk=iphonesimulator*]" = UIStatusBarStyleDefault;
				INFOPLIST_KEY_UISupportedInterfaceOrientations_iPad = "UIInterfaceOrientationPortrait UIInterfaceOrientationPortraitUpsideDown UIInterfaceOrientationLandscapeLeft UIInterfaceOrientationLandscapeRight";
				INFOPLIST_KEY_UISupportedInterfaceOrientations_iPhone = "UIInterfaceOrientationPortrait UIInterfaceOrientationLandscapeLeft UIInterfaceOrientationLandscapeRight";
				IPHONEOS_DEPLOYMENT_TARGET = 18.0;
				LD_RUNPATH_SEARCH_PATHS = "@executable_path/Frameworks";
				"LD_RUNPATH_SEARCH_PATHS[sdk=macosx*]" = "@executable_path/../Frameworks";
				MACOSX_DEPLOYMENT_TARGET = 14.6;
				MARKETING_VERSION = 1.0;
				PRODUCT_BUNDLE_IDENTIFIER = com.rafiulhasan.ConcurrencyWithSwiftUI;
				PRODUCT_NAME = "$(TARGET_NAME)";
				SDKROOT = auto;
				SUPPORTED_PLATFORMS = "iphoneos iphonesimulator macosx xros xrsimulator";
				SWIFT_EMIT_LOC_STRINGS = YES;
				SWIFT_VERSION = 5.0;
				TARGETED_DEVICE_FAMILY = "1,2,7";
				XROS_DEPLOYMENT_TARGET = 2.0;
			};
			name = Debug;
		};
		B19A9DA72CB8FE0100CE0065 /* Release */ = {
			isa = XCBuildConfiguration;
			buildSettings = {
				ASSETCATALOG_COMPILER_APPICON_NAME = AppIcon;
				ASSETCATALOG_COMPILER_GLOBAL_ACCENT_COLOR_NAME = AccentColor;
				CODE_SIGN_ENTITLEMENTS = ConcurrencyWithSwiftUI/ConcurrencyWithSwiftUI.entitlements;
				CODE_SIGN_STYLE = Automatic;
				CURRENT_PROJECT_VERSION = 1;
				DEVELOPMENT_ASSET_PATHS = "\"ConcurrencyWithSwiftUI/Preview Content\"";
				ENABLE_PREVIEWS = YES;
				GENERATE_INFOPLIST_FILE = YES;
				"INFOPLIST_KEY_UIApplicationSceneManifest_Generation[sdk=iphoneos*]" = YES;
				"INFOPLIST_KEY_UIApplicationSceneManifest_Generation[sdk=iphonesimulator*]" = YES;
				"INFOPLIST_KEY_UIApplicationSupportsIndirectInputEvents[sdk=iphoneos*]" = YES;
				"INFOPLIST_KEY_UIApplicationSupportsIndirectInputEvents[sdk=iphonesimulator*]" = YES;
				"INFOPLIST_KEY_UILaunchScreen_Generation[sdk=iphoneos*]" = YES;
				"INFOPLIST_KEY_UILaunchScreen_Generation[sdk=iphonesimulator*]" = YES;
				"INFOPLIST_KEY_UIStatusBarStyle[sdk=iphoneos*]" = UIStatusBarStyleDefault;
				"INFOPLIST_KEY_UIStatusBarStyle[sdk=iphonesimulator*]" = UIStatusBarStyleDefault;
				INFOPLIST_KEY_UISupportedInterfaceOrientations_iPad = "UIInterfaceOrientationPortrait UIInterfaceOrientationPortraitUpsideDown UIInterfaceOrientationLandscapeLeft UIInterfaceOrientationLandscapeRight";
				INFOPLIST_KEY_UISupportedInterfaceOrientations_iPhone = "UIInterfaceOrientationPortrait UIInterfaceOrientationLandscapeLeft UIInterfaceOrientationLandscapeRight";
				IPHONEOS_DEPLOYMENT_TARGET = 18.0;
				LD_RUNPATH_SEARCH_PATHS = "@executable_path/Frameworks";
				"LD_RUNPATH_SEARCH_PATHS[sdk=macosx*]" = "@executable_path/../Frameworks";
				MACOSX_DEPLOYMENT_TARGET = 14.6;
				MARKETING_VERSION = 1.0;
				PRODUCT_BUNDLE_IDENTIFIER = com.rafiulhasan.ConcurrencyWithSwiftUI;
				PRODUCT_NAME = "$(TARGET_NAME)";
				SDKROOT = auto;
				SUPPORTED_PLATFORMS = "iphoneos iphonesimulator macosx xros xrsimulator";
				SWIFT_EMIT_LOC_STRINGS = YES;
				SWIFT_VERSION = 5.0;
				TARGETED_DEVICE_FAMILY = "1,2,7";
				XROS_DEPLOYMENT_TARGET = 2.0;
			};
			name = Release;
		};
		B19A9DA92CB8FE0100CE0065 /* Debug */ = {
			isa = XCBuildConfiguration;
			buildSettings = {
				BUNDLE_LOADER = "$(TEST_HOST)";
				CODE_SIGN_STYLE = Automatic;
				CURRENT_PROJECT_VERSION = 1;
				GENERATE_INFOPLIST_FILE = YES;
				IPHONEOS_DEPLOYMENT_TARGET = 18.0;
				MACOSX_DEPLOYMENT_TARGET = 14.6;
				MARKETING_VERSION = 1.0;
				PRODUCT_BUNDLE_IDENTIFIER = com.rafiulhasan.ConcurrencyWithSwiftUITests;
				PRODUCT_NAME = "$(TARGET_NAME)";
				SDKROOT = auto;
				SUPPORTED_PLATFORMS = "iphoneos iphonesimulator macosx xros xrsimulator";
				SWIFT_EMIT_LOC_STRINGS = NO;
				SWIFT_VERSION = 5.0;
				TARGETED_DEVICE_FAMILY = "1,2,7";
				TEST_HOST = "$(BUILT_PRODUCTS_DIR)/ConcurrencyWithSwiftUI.app/$(BUNDLE_EXECUTABLE_FOLDER_PATH)/ConcurrencyWithSwiftUI";
				XROS_DEPLOYMENT_TARGET = 2.0;
			};
			name = Debug;
		};
		B19A9DAA2CB8FE0100CE0065 /* Release */ = {
			isa = XCBuildConfiguration;
			buildSettings = {
				BUNDLE_LOADER = "$(TEST_HOST)";
				CODE_SIGN_STYLE = Automatic;
				CURRENT_PROJECT_VERSION = 1;
				GENERATE_INFOPLIST_FILE = YES;
				IPHONEOS_DEPLOYMENT_TARGET = 18.0;
				MACOSX_DEPLOYMENT_TARGET = 14.6;
				MARKETING_VERSION = 1.0;
				PRODUCT_BUNDLE_IDENTIFIER = com.rafiulhasan.ConcurrencyWithSwiftUITests;
				PRODUCT_NAME = "$(TARGET_NAME)";
				SDKROOT = auto;
				SUPPORTED_PLATFORMS = "iphoneos iphonesimulator macosx xros xrsimulator";
				SWIFT_EMIT_LOC_STRINGS = NO;
				SWIFT_VERSION = 5.0;
				TARGETED_DEVICE_FAMILY = "1,2,7";
				TEST_HOST = "$(BUILT_PRODUCTS_DIR)/ConcurrencyWithSwiftUI.app/$(BUNDLE_EXECUTABLE_FOLDER_PATH)/ConcurrencyWithSwiftUI";
				XROS_DEPLOYMENT_TARGET = 2.0;
			};
			name = Release;
		};
		B19A9DAC2CB8FE0100CE0065 /* Debug */ = {
			isa = XCBuildConfiguration;
			buildSettings = {
				CODE_SIGN_STYLE = Automatic;
				CURRENT_PROJECT_VERSION = 1;
				GENERATE_INFOPLIST_FILE = YES;
				IPHONEOS_DEPLOYMENT_TARGET = 18.0;
				MACOSX_DEPLOYMENT_TARGET = 14.6;
				MARKETING_VERSION = 1.0;
				PRODUCT_BUNDLE_IDENTIFIER = com.rafiulhasan.ConcurrencyWithSwiftUIUITests;
				PRODUCT_NAME = "$(TARGET_NAME)";
				SDKROOT = auto;
				SUPPORTED_PLATFORMS = "iphoneos iphonesimulator macosx xros xrsimulator";
				SWIFT_EMIT_LOC_STRINGS = NO;
				SWIFT_VERSION = 5.0;
				TARGETED_DEVICE_FAMILY = "1,2,7";
				TEST_TARGET_NAME = ConcurrencyWithSwiftUI;
				XROS_DEPLOYMENT_TARGET = 2.0;
			};
			name = Debug;
		};
		B19A9DAD2CB8FE0100CE0065 /* Release */ = {
			isa = XCBuildConfiguration;
			buildSettings = {
				CODE_SIGN_STYLE = Automatic;
				CURRENT_PROJECT_VERSION = 1;
				GENERATE_INFOPLIST_FILE = YES;
				IPHONEOS_DEPLOYMENT_TARGET = 18.0;
				MACOSX_DEPLOYMENT_TARGET = 14.6;
				MARKETING_VERSION = 1.0;
				PRODUCT_BUNDLE_IDENTIFIER = com.rafiulhasan.ConcurrencyWithSwiftUIUITests;
				PRODUCT_NAME = "$(TARGET_NAME)";
				SDKROOT = auto;
				SUPPORTED_PLATFORMS = "iphoneos iphonesimulator macosx xros xrsimulator";
				SWIFT_EMIT_LOC_STRINGS = NO;
				SWIFT_VERSION = 5.0;
				TARGETED_DEVICE_FAMILY = "1,2,7";
				TEST_TARGET_NAME = ConcurrencyWithSwiftUI;
				XROS_DEPLOYMENT_TARGET = 2.0;
			};
			name = Release;
		};
/* End XCBuildConfiguration section */

/* Begin XCConfigurationList section */
		B19A9D7B2CB8FE0000CE0065 /* Build configuration list for PBXProject "ConcurrencyWithSwiftUI" */ = {
			isa = XCConfigurationList;
			buildConfigurations = (
				B19A9DA32CB8FE0100CE0065 /* Debug */,
				B19A9DA42CB8FE0100CE0065 /* Release */,
			);
			defaultConfigurationIsVisible = 0;
			defaultConfigurationName = Release;
		};
		B19A9DA52CB8FE0100CE0065 /* Build configuration list for PBXNativeTarget "ConcurrencyWithSwiftUI" */ = {
			isa = XCConfigurationList;
			buildConfigurations = (
				B19A9DA62CB8FE0100CE0065 /* Debug */,
				B19A9DA72CB8FE0100CE0065 /* Release */,
			);
			defaultConfigurationIsVisible = 0;
			defaultConfigurationName = Release;
		};
		B19A9DA82CB8FE0100CE0065 /* Build configuration list for PBXNativeTarget "ConcurrencyWithSwiftUITests" */ = {
			isa = XCConfigurationList;
			buildConfigurations = (
				B19A9DA92CB8FE0100CE0065 /* Debug */,
				B19A9DAA2CB8FE0100CE0065 /* Release */,
			);
			defaultConfigurationIsVisible = 0;
			defaultConfigurationName = Release;
		};
		B19A9DAB2CB8FE0100CE0065 /* Build configuration list for PBXNativeTarget "ConcurrencyWithSwiftUIUITests" */ = {
			isa = XCConfigurationList;
			buildConfigurations = (
				B19A9DAC2CB8FE0100CE0065 /* Debug */,
				B19A9DAD2CB8FE0100CE0065 /* Release */,
			);
			defaultConfigurationIsVisible = 0;
			defaultConfigurationName = Release;
		};
/* End XCConfigurationList section */
	};
	rootObject = B19A9D782CB8FE0000CE0065 /* Project object */;
}
